// !$*UTF8*$!
{
	archiveVersion = 1;
	classes = {
	};
	objectVersion = 56;
	objects = {

/* Begin PBXBuildFile section */
		0AC244342B7EA60000F33D92 /* SelectViewModel.swift in Sources */ = {isa = PBXBuildFile; fileRef = 0AC244332B7EA60000F33D92 /* SelectViewModel.swift */; };
		0AC244362B8681B400F33D92 /* SplashScreenViewController.swift in Sources */ = {isa = PBXBuildFile; fileRef = 0AC244352B8681B400F33D92 /* SplashScreenViewController.swift */; };
		0AC244382B8681F000F33D92 /* SplashView.swift in Sources */ = {isa = PBXBuildFile; fileRef = 0AC244372B8681F000F33D92 /* SplashView.swift */; };
		0AC2443B2B8A0A3C00F33D92 /* DependencyContainer.swift in Sources */ = {isa = PBXBuildFile; fileRef = 0AC2443A2B8A0A3C00F33D92 /* DependencyContainer.swift */; };
		0AC2443E2B8A0DA200F33D92 /* SplashCoordinatorFactory.swift in Sources */ = {isa = PBXBuildFile; fileRef = 0AC2443D2B8A0DA200F33D92 /* SplashCoordinatorFactory.swift */; };
		0AC244412B8A0ED300F33D92 /* SplashCoordinator.swift in Sources */ = {isa = PBXBuildFile; fileRef = 0AC244402B8A0ED300F33D92 /* SplashCoordinator.swift */; };
		0AC244432B8A0F3100F33D92 /* Coordinator.swift in Sources */ = {isa = PBXBuildFile; fileRef = 0AC244422B8A0F3100F33D92 /* Coordinator.swift */; };
		0AC244452B8A104200F33D92 /* Transition.swift in Sources */ = {isa = PBXBuildFile; fileRef = 0AC244442B8A104200F33D92 /* Transition.swift */; };
		0AC244472B8A5BD900F33D92 /* Navigator.swift in Sources */ = {isa = PBXBuildFile; fileRef = 0AC244462B8A5BD900F33D92 /* Navigator.swift */; };
		0AC244492B8A603900F33D92 /* ViewController.swift in Sources */ = {isa = PBXBuildFile; fileRef = 0AC244482B8A603900F33D92 /* ViewController.swift */; };
		0AC2444C2B8A635300F33D92 /* Dismissable.swift in Sources */ = {isa = PBXBuildFile; fileRef = 0AC2444B2B8A635300F33D92 /* Dismissable.swift */; };
		0AC2444E2B8B427700F33D92 /* NavigationController.swift in Sources */ = {isa = PBXBuildFile; fileRef = 0AC2444D2B8B427700F33D92 /* NavigationController.swift */; };
		0AC244502B8B4A3700F33D92 /* SplashScreenViewControllerFactory.swift in Sources */ = {isa = PBXBuildFile; fileRef = 0AC2444F2B8B4A3700F33D92 /* SplashScreenViewControllerFactory.swift */; };
		0AC244542B8B4BCD00F33D92 /* SplashNavigationDelegate.swift in Sources */ = {isa = PBXBuildFile; fileRef = 0AC244532B8B4BCD00F33D92 /* SplashNavigationDelegate.swift */; };
		0AC244562B8B4EBE00F33D92 /* BasicViewController.swift in Sources */ = {isa = PBXBuildFile; fileRef = 0AC244552B8B4EBE00F33D92 /* BasicViewController.swift */; };
		0AC244582B8B534000F33D92 /* Window.swift in Sources */ = {isa = PBXBuildFile; fileRef = 0AC244572B8B534000F33D92 /* Window.swift */; };
		0AC2445A2B8B574A00F33D92 /* AppNavigator.swift in Sources */ = {isa = PBXBuildFile; fileRef = 0AC244592B8B574A00F33D92 /* AppNavigator.swift */; };
		0AC2445C2B8B579300F33D92 /* AppCoordinator.swift in Sources */ = {isa = PBXBuildFile; fileRef = 0AC2445B2B8B579300F33D92 /* AppCoordinator.swift */; };
		0AC2445E2B8B5A2100F33D92 /* BasicNavigator.swift in Sources */ = {isa = PBXBuildFile; fileRef = 0AC2445D2B8B5A2100F33D92 /* BasicNavigator.swift */; };
		0AC244602B8B5ADA00F33D92 /* BasicNavigationController.swift in Sources */ = {isa = PBXBuildFile; fileRef = 0AC2445F2B8B5ADA00F33D92 /* BasicNavigationController.swift */; };
		0AC244622B8FCA2600F33D92 /* SelectCoordinatorFactory.swift in Sources */ = {isa = PBXBuildFile; fileRef = 0AC244612B8FCA2600F33D92 /* SelectCoordinatorFactory.swift */; };
		0AC244642B8FCAE000F33D92 /* SelectCoordinator.swift in Sources */ = {isa = PBXBuildFile; fileRef = 0AC244632B8FCAE000F33D92 /* SelectCoordinator.swift */; };
		0AC244662B8FCBF600F33D92 /* SelectScreenViewControllerFactory.swift in Sources */ = {isa = PBXBuildFile; fileRef = 0AC244652B8FCBF600F33D92 /* SelectScreenViewControllerFactory.swift */; };
		0AC244682B8FCCC100F33D92 /* SelectNavigationDelegate.swift in Sources */ = {isa = PBXBuildFile; fileRef = 0AC244672B8FCCC100F33D92 /* SelectNavigationDelegate.swift */; };
		0AC2446A2B96492F00F33D92 /* SplashViewModel.swift in Sources */ = {isa = PBXBuildFile; fileRef = 0AC244692B96492F00F33D92 /* SplashViewModel.swift */; };
		0AC2446C2B9BA35E00F33D92 /* GameCoordinatorFactory.swift in Sources */ = {isa = PBXBuildFile; fileRef = 0AC2446B2B9BA35E00F33D92 /* GameCoordinatorFactory.swift */; };
		0AC2446E2B9BA3B100F33D92 /* GameScreenViewControllerFactory.swift in Sources */ = {isa = PBXBuildFile; fileRef = 0AC2446D2B9BA3B100F33D92 /* GameScreenViewControllerFactory.swift */; };
		0AC244702B9BA40D00F33D92 /* GameCoordinator.swift in Sources */ = {isa = PBXBuildFile; fileRef = 0AC2446F2B9BA40D00F33D92 /* GameCoordinator.swift */; };
		0AC244722B9BA4A300F33D92 /* GameNavigationDelegate.swift in Sources */ = {isa = PBXBuildFile; fileRef = 0AC244712B9BA4A300F33D92 /* GameNavigationDelegate.swift */; };
		0AC244742B9BA4EB00F33D92 /* GameScreenViewController.swift in Sources */ = {isa = PBXBuildFile; fileRef = 0AC244732B9BA4EB00F33D92 /* GameScreenViewController.swift */; };
		0AC244762B9BA54000F33D92 /* GameView.swift in Sources */ = {isa = PBXBuildFile; fileRef = 0AC244752B9BA54000F33D92 /* GameView.swift */; };
		0AC244782B9BA5AB00F33D92 /* GameViewModel.swift in Sources */ = {isa = PBXBuildFile; fileRef = 0AC244772B9BA5AB00F33D92 /* GameViewModel.swift */; };
		0AC2447B2BA0C53400F33D92 /* AudioProtocol.swift in Sources */ = {isa = PBXBuildFile; fileRef = 0AC2447A2BA0C53400F33D92 /* AudioProtocol.swift */; };
		0AC2447D2BA19F3E00F33D92 /* RadioPlayer.swift in Sources */ = {isa = PBXBuildFile; fileRef = 0AC2447C2BA19F3E00F33D92 /* RadioPlayer.swift */; };
		0AC2447F2BA222B000F33D92 /* MusicMapper.swift in Sources */ = {isa = PBXBuildFile; fileRef = 0AC2447E2BA222B000F33D92 /* MusicMapper.swift */; };
		0AC244812BA22F7500F33D92 /* StationLoader.swift in Sources */ = {isa = PBXBuildFile; fileRef = 0AC244802BA22F7500F33D92 /* StationLoader.swift */; };
		341E41EA2AC99C5E00681B63 /* AppDelegate.swift in Sources */ = {isa = PBXBuildFile; fileRef = 341E41E92AC99C5E00681B63 /* AppDelegate.swift */; };
		341E41EC2AC99C5E00681B63 /* SceneDelegate.swift in Sources */ = {isa = PBXBuildFile; fileRef = 341E41EB2AC99C5E00681B63 /* SceneDelegate.swift */; };
		341E41EE2AC99C5E00681B63 /* SelectScreenViewController.swift in Sources */ = {isa = PBXBuildFile; fileRef = 341E41ED2AC99C5E00681B63 /* SelectScreenViewController.swift */; };
		341E41F12AC99C5E00681B63 /* Main.storyboard in Resources */ = {isa = PBXBuildFile; fileRef = 341E41EF2AC99C5E00681B63 /* Main.storyboard */; };
		341E41F32AC99C6100681B63 /* Assets.xcassets in Resources */ = {isa = PBXBuildFile; fileRef = 341E41F22AC99C6100681B63 /* Assets.xcassets */; };
		341E42012AC99C6100681B63 /* GTA_JukeboxTests.swift in Sources */ = {isa = PBXBuildFile; fileRef = 341E42002AC99C6100681B63 /* GTA_JukeboxTests.swift */; };
		341E420B2AC99C6200681B63 /* GTA_JukeboxUITests.swift in Sources */ = {isa = PBXBuildFile; fileRef = 341E420A2AC99C6200681B63 /* GTA_JukeboxUITests.swift */; };
		341E420D2AC99C6200681B63 /* GTA_JukeboxUITestsLaunchTests.swift in Sources */ = {isa = PBXBuildFile; fileRef = 341E420C2AC99C6200681B63 /* GTA_JukeboxUITestsLaunchTests.swift */; };
		341E421B2AC9B6CD00681B63 /* pricedown.otf in Resources */ = {isa = PBXBuildFile; fileRef = 341E421A2AC9B6CC00681B63 /* pricedown.otf */; };
		341E421E2AC9B7BE00681B63 /* GTA.png in Resources */ = {isa = PBXBuildFile; fileRef = 341E421D2AC9B7BE00681B63 /* GTA.png */; };
		341E42212AC9BE0100681B63 /* GenericViewController.swift in Sources */ = {isa = PBXBuildFile; fileRef = 341E42202AC9BE0100681B63 /* GenericViewController.swift */; };
		341E42232AC9BEB800681B63 /* SelectView.swift in Sources */ = {isa = PBXBuildFile; fileRef = 341E42222AC9BEB800681B63 /* SelectView.swift */; };
/* End PBXBuildFile section */

/* Begin PBXContainerItemProxy section */
		341E41FD2AC99C6100681B63 /* PBXContainerItemProxy */ = {
			isa = PBXContainerItemProxy;
			containerPortal = 341E41DE2AC99C5E00681B63 /* Project object */;
			proxyType = 1;
			remoteGlobalIDString = 341E41E52AC99C5E00681B63;
			remoteInfo = "GTA Jukebox";
		};
		341E42072AC99C6100681B63 /* PBXContainerItemProxy */ = {
			isa = PBXContainerItemProxy;
			containerPortal = 341E41DE2AC99C5E00681B63 /* Project object */;
			proxyType = 1;
			remoteGlobalIDString = 341E41E52AC99C5E00681B63;
			remoteInfo = "GTA Jukebox";
		};
/* End PBXContainerItemProxy section */

/* Begin PBXFileReference section */
		0AC244332B7EA60000F33D92 /* SelectViewModel.swift */ = {isa = PBXFileReference; lastKnownFileType = sourcecode.swift; path = SelectViewModel.swift; sourceTree = "<group>"; };
		0AC244352B8681B400F33D92 /* SplashScreenViewController.swift */ = {isa = PBXFileReference; lastKnownFileType = sourcecode.swift; path = SplashScreenViewController.swift; sourceTree = "<group>"; };
		0AC244372B8681F000F33D92 /* SplashView.swift */ = {isa = PBXFileReference; lastKnownFileType = sourcecode.swift; path = SplashView.swift; sourceTree = "<group>"; };
		0AC2443A2B8A0A3C00F33D92 /* DependencyContainer.swift */ = {isa = PBXFileReference; lastKnownFileType = sourcecode.swift; path = DependencyContainer.swift; sourceTree = "<group>"; };
		0AC2443D2B8A0DA200F33D92 /* SplashCoordinatorFactory.swift */ = {isa = PBXFileReference; lastKnownFileType = sourcecode.swift; path = SplashCoordinatorFactory.swift; sourceTree = "<group>"; };
		0AC244402B8A0ED300F33D92 /* SplashCoordinator.swift */ = {isa = PBXFileReference; lastKnownFileType = sourcecode.swift; path = SplashCoordinator.swift; sourceTree = "<group>"; };
		0AC244422B8A0F3100F33D92 /* Coordinator.swift */ = {isa = PBXFileReference; lastKnownFileType = sourcecode.swift; path = Coordinator.swift; sourceTree = "<group>"; };
		0AC244442B8A104200F33D92 /* Transition.swift */ = {isa = PBXFileReference; lastKnownFileType = sourcecode.swift; path = Transition.swift; sourceTree = "<group>"; };
		0AC244462B8A5BD900F33D92 /* Navigator.swift */ = {isa = PBXFileReference; lastKnownFileType = sourcecode.swift; path = Navigator.swift; sourceTree = "<group>"; };
		0AC244482B8A603900F33D92 /* ViewController.swift */ = {isa = PBXFileReference; lastKnownFileType = sourcecode.swift; path = ViewController.swift; sourceTree = "<group>"; };
		0AC2444B2B8A635300F33D92 /* Dismissable.swift */ = {isa = PBXFileReference; lastKnownFileType = sourcecode.swift; path = Dismissable.swift; sourceTree = "<group>"; };
		0AC2444D2B8B427700F33D92 /* NavigationController.swift */ = {isa = PBXFileReference; lastKnownFileType = sourcecode.swift; path = NavigationController.swift; sourceTree = "<group>"; };
		0AC2444F2B8B4A3700F33D92 /* SplashScreenViewControllerFactory.swift */ = {isa = PBXFileReference; lastKnownFileType = sourcecode.swift; path = SplashScreenViewControllerFactory.swift; sourceTree = "<group>"; };
		0AC244532B8B4BCD00F33D92 /* SplashNavigationDelegate.swift */ = {isa = PBXFileReference; lastKnownFileType = sourcecode.swift; path = SplashNavigationDelegate.swift; sourceTree = "<group>"; };
		0AC244552B8B4EBE00F33D92 /* BasicViewController.swift */ = {isa = PBXFileReference; lastKnownFileType = sourcecode.swift; path = BasicViewController.swift; sourceTree = "<group>"; };
		0AC244572B8B534000F33D92 /* Window.swift */ = {isa = PBXFileReference; lastKnownFileType = sourcecode.swift; path = Window.swift; sourceTree = "<group>"; };
		0AC244592B8B574A00F33D92 /* AppNavigator.swift */ = {isa = PBXFileReference; lastKnownFileType = sourcecode.swift; path = AppNavigator.swift; sourceTree = "<group>"; };
		0AC2445B2B8B579300F33D92 /* AppCoordinator.swift */ = {isa = PBXFileReference; lastKnownFileType = sourcecode.swift; path = AppCoordinator.swift; sourceTree = "<group>"; };
		0AC2445D2B8B5A2100F33D92 /* BasicNavigator.swift */ = {isa = PBXFileReference; lastKnownFileType = sourcecode.swift; path = BasicNavigator.swift; sourceTree = "<group>"; };
		0AC2445F2B8B5ADA00F33D92 /* BasicNavigationController.swift */ = {isa = PBXFileReference; lastKnownFileType = sourcecode.swift; path = BasicNavigationController.swift; sourceTree = "<group>"; };
		0AC244612B8FCA2600F33D92 /* SelectCoordinatorFactory.swift */ = {isa = PBXFileReference; lastKnownFileType = sourcecode.swift; path = SelectCoordinatorFactory.swift; sourceTree = "<group>"; };
		0AC244632B8FCAE000F33D92 /* SelectCoordinator.swift */ = {isa = PBXFileReference; lastKnownFileType = sourcecode.swift; path = SelectCoordinator.swift; sourceTree = "<group>"; };
		0AC244652B8FCBF600F33D92 /* SelectScreenViewControllerFactory.swift */ = {isa = PBXFileReference; lastKnownFileType = sourcecode.swift; path = SelectScreenViewControllerFactory.swift; sourceTree = "<group>"; };
		0AC244672B8FCCC100F33D92 /* SelectNavigationDelegate.swift */ = {isa = PBXFileReference; lastKnownFileType = sourcecode.swift; path = SelectNavigationDelegate.swift; sourceTree = "<group>"; };
		0AC244692B96492F00F33D92 /* SplashViewModel.swift */ = {isa = PBXFileReference; lastKnownFileType = sourcecode.swift; path = SplashViewModel.swift; sourceTree = "<group>"; };
		0AC2446B2B9BA35E00F33D92 /* GameCoordinatorFactory.swift */ = {isa = PBXFileReference; lastKnownFileType = sourcecode.swift; path = GameCoordinatorFactory.swift; sourceTree = "<group>"; };
		0AC2446D2B9BA3B100F33D92 /* GameScreenViewControllerFactory.swift */ = {isa = PBXFileReference; lastKnownFileType = sourcecode.swift; path = GameScreenViewControllerFactory.swift; sourceTree = "<group>"; };
		0AC2446F2B9BA40D00F33D92 /* GameCoordinator.swift */ = {isa = PBXFileReference; lastKnownFileType = sourcecode.swift; path = GameCoordinator.swift; sourceTree = "<group>"; };
		0AC244712B9BA4A300F33D92 /* GameNavigationDelegate.swift */ = {isa = PBXFileReference; lastKnownFileType = sourcecode.swift; path = GameNavigationDelegate.swift; sourceTree = "<group>"; };
		0AC244732B9BA4EB00F33D92 /* GameScreenViewController.swift */ = {isa = PBXFileReference; lastKnownFileType = sourcecode.swift; path = GameScreenViewController.swift; sourceTree = "<group>"; };
		0AC244752B9BA54000F33D92 /* GameView.swift */ = {isa = PBXFileReference; lastKnownFileType = sourcecode.swift; path = GameView.swift; sourceTree = "<group>"; };
		0AC244772B9BA5AB00F33D92 /* GameViewModel.swift */ = {isa = PBXFileReference; lastKnownFileType = sourcecode.swift; path = GameViewModel.swift; sourceTree = "<group>"; };
		0AC2447A2BA0C53400F33D92 /* AudioProtocol.swift */ = {isa = PBXFileReference; lastKnownFileType = sourcecode.swift; path = AudioProtocol.swift; sourceTree = "<group>"; };
		0AC2447C2BA19F3E00F33D92 /* RadioPlayer.swift */ = {isa = PBXFileReference; lastKnownFileType = sourcecode.swift; path = RadioPlayer.swift; sourceTree = "<group>"; };
		0AC2447E2BA222B000F33D92 /* MusicMapper.swift */ = {isa = PBXFileReference; lastKnownFileType = sourcecode.swift; path = MusicMapper.swift; sourceTree = "<group>"; };
		0AC244802BA22F7500F33D92 /* StationLoader.swift */ = {isa = PBXFileReference; lastKnownFileType = sourcecode.swift; path = StationLoader.swift; sourceTree = "<group>"; };
		341E41E62AC99C5E00681B63 /* GTA Jukebox.app */ = {isa = PBXFileReference; explicitFileType = wrapper.application; includeInIndex = 0; path = "GTA Jukebox.app"; sourceTree = BUILT_PRODUCTS_DIR; };
		341E41E92AC99C5E00681B63 /* AppDelegate.swift */ = {isa = PBXFileReference; lastKnownFileType = sourcecode.swift; path = AppDelegate.swift; sourceTree = "<group>"; };
		341E41EB2AC99C5E00681B63 /* SceneDelegate.swift */ = {isa = PBXFileReference; lastKnownFileType = sourcecode.swift; path = SceneDelegate.swift; sourceTree = "<group>"; };
		341E41ED2AC99C5E00681B63 /* SelectScreenViewController.swift */ = {isa = PBXFileReference; lastKnownFileType = sourcecode.swift; path = SelectScreenViewController.swift; sourceTree = "<group>"; };
		341E41F02AC99C5E00681B63 /* Base */ = {isa = PBXFileReference; lastKnownFileType = file.storyboard; name = Base; path = Base.lproj/Main.storyboard; sourceTree = "<group>"; };
		341E41F22AC99C6100681B63 /* Assets.xcassets */ = {isa = PBXFileReference; lastKnownFileType = folder.assetcatalog; path = Assets.xcassets; sourceTree = "<group>"; };
		341E41F72AC99C6100681B63 /* Info.plist */ = {isa = PBXFileReference; lastKnownFileType = text.plist.xml; path = Info.plist; sourceTree = "<group>"; };
		341E41FC2AC99C6100681B63 /* GTA JukeboxTests.xctest */ = {isa = PBXFileReference; explicitFileType = wrapper.cfbundle; includeInIndex = 0; path = "GTA JukeboxTests.xctest"; sourceTree = BUILT_PRODUCTS_DIR; };
		341E42002AC99C6100681B63 /* GTA_JukeboxTests.swift */ = {isa = PBXFileReference; lastKnownFileType = sourcecode.swift; path = GTA_JukeboxTests.swift; sourceTree = "<group>"; };
		341E42062AC99C6100681B63 /* GTA JukeboxUITests.xctest */ = {isa = PBXFileReference; explicitFileType = wrapper.cfbundle; includeInIndex = 0; path = "GTA JukeboxUITests.xctest"; sourceTree = BUILT_PRODUCTS_DIR; };
		341E420A2AC99C6200681B63 /* GTA_JukeboxUITests.swift */ = {isa = PBXFileReference; lastKnownFileType = sourcecode.swift; path = GTA_JukeboxUITests.swift; sourceTree = "<group>"; };
		341E420C2AC99C6200681B63 /* GTA_JukeboxUITestsLaunchTests.swift */ = {isa = PBXFileReference; lastKnownFileType = sourcecode.swift; path = GTA_JukeboxUITestsLaunchTests.swift; sourceTree = "<group>"; };
		341E42192AC99D6600681B63 /* README.md */ = {isa = PBXFileReference; lastKnownFileType = net.daringfireball.markdown; path = README.md; sourceTree = "<group>"; };
		341E421A2AC9B6CC00681B63 /* pricedown.otf */ = {isa = PBXFileReference; lastKnownFileType = file; path = pricedown.otf; sourceTree = "<group>"; };
		341E421D2AC9B7BE00681B63 /* GTA.png */ = {isa = PBXFileReference; lastKnownFileType = image.png; path = GTA.png; sourceTree = "<group>"; };
		341E42202AC9BE0100681B63 /* GenericViewController.swift */ = {isa = PBXFileReference; lastKnownFileType = sourcecode.swift; path = GenericViewController.swift; sourceTree = "<group>"; };
		341E42222AC9BEB800681B63 /* SelectView.swift */ = {isa = PBXFileReference; lastKnownFileType = sourcecode.swift; path = SelectView.swift; sourceTree = "<group>"; };
/* End PBXFileReference section */

/* Begin PBXFrameworksBuildPhase section */
		341E41E32AC99C5E00681B63 /* Frameworks */ = {
			isa = PBXFrameworksBuildPhase;
			buildActionMask = 2147483647;
			files = (
			);
			runOnlyForDeploymentPostprocessing = 0;
		};
		341E41F92AC99C6100681B63 /* Frameworks */ = {
			isa = PBXFrameworksBuildPhase;
			buildActionMask = 2147483647;
			files = (
			);
			runOnlyForDeploymentPostprocessing = 0;
		};
		341E42032AC99C6100681B63 /* Frameworks */ = {
			isa = PBXFrameworksBuildPhase;
			buildActionMask = 2147483647;
			files = (
			);
			runOnlyForDeploymentPostprocessing = 0;
		};
/* End PBXFrameworksBuildPhase section */

/* Begin PBXGroup section */
		0AC244392B8A099E00F33D92 /* ViewModels */ = {
			isa = PBXGroup;
			children = (
				0AC244692B96492F00F33D92 /* SplashViewModel.swift */,
				0AC244332B7EA60000F33D92 /* SelectViewModel.swift */,
				0AC244772B9BA5AB00F33D92 /* GameViewModel.swift */,
			);
			path = ViewModels;
			sourceTree = "<group>";
		};
		0AC2443C2B8A0D8900F33D92 /* Coordinators */ = {
			isa = PBXGroup;
			children = (
				0AC2443D2B8A0DA200F33D92 /* SplashCoordinatorFactory.swift */,
				0AC244612B8FCA2600F33D92 /* SelectCoordinatorFactory.swift */,
				0AC2446B2B9BA35E00F33D92 /* GameCoordinatorFactory.swift */,
				0AC2444F2B8B4A3700F33D92 /* SplashScreenViewControllerFactory.swift */,
				0AC244652B8FCBF600F33D92 /* SelectScreenViewControllerFactory.swift */,
				0AC2446D2B9BA3B100F33D92 /* GameScreenViewControllerFactory.swift */,
				0AC244402B8A0ED300F33D92 /* SplashCoordinator.swift */,
				0AC244632B8FCAE000F33D92 /* SelectCoordinator.swift */,
				0AC2446F2B9BA40D00F33D92 /* GameCoordinator.swift */,
				0AC244422B8A0F3100F33D92 /* Coordinator.swift */,
				0AC244442B8A104200F33D92 /* Transition.swift */,
				0AC2445B2B8B579300F33D92 /* AppCoordinator.swift */,
			);
			path = Coordinators;
			sourceTree = "<group>";
		};
		0AC2443F2B8A0DE500F33D92 /* Navigation */ = {
			isa = PBXGroup;
			children = (
				0AC244462B8A5BD900F33D92 /* Navigator.swift */,
				0AC244532B8B4BCD00F33D92 /* SplashNavigationDelegate.swift */,
				0AC244672B8FCCC100F33D92 /* SelectNavigationDelegate.swift */,
				0AC244712B9BA4A300F33D92 /* GameNavigationDelegate.swift */,
				0AC244592B8B574A00F33D92 /* AppNavigator.swift */,
				0AC2445D2B8B5A2100F33D92 /* BasicNavigator.swift */,
				0AC2445F2B8B5ADA00F33D92 /* BasicNavigationController.swift */,
			);
			path = Navigation;
			sourceTree = "<group>";
		};
		0AC2444A2B8A632D00F33D92 /* Protocols */ = {
			isa = PBXGroup;
			children = (
				0AC2444B2B8A635300F33D92 /* Dismissable.swift */,
			);
			path = Protocols;
			sourceTree = "<group>";
		};
		0AC244792BA0C32000F33D92 /* AudioService */ = {
			isa = PBXGroup;
			children = (
				0AC2447A2BA0C53400F33D92 /* AudioProtocol.swift */,
				0AC2447C2BA19F3E00F33D92 /* RadioPlayer.swift */,
				0AC2447E2BA222B000F33D92 /* MusicMapper.swift */,
				0AC244802BA22F7500F33D92 /* StationLoader.swift */,
			);
			path = AudioService;
			sourceTree = "<group>";
		};
		341E41DD2AC99C5E00681B63 = {
			isa = PBXGroup;
			children = (
				341E421C2AC9B7A400681B63 /* Documentation */,
				341E42192AC99D6600681B63 /* README.md */,
				341E41E82AC99C5E00681B63 /* GTA Jukebox */,
				341E41FF2AC99C6100681B63 /* GTA JukeboxTests */,
				341E42092AC99C6100681B63 /* GTA JukeboxUITests */,
				341E41E72AC99C5E00681B63 /* Products */,
			);
			sourceTree = "<group>";
		};
		341E41E72AC99C5E00681B63 /* Products */ = {
			isa = PBXGroup;
			children = (
				341E41E62AC99C5E00681B63 /* GTA Jukebox.app */,
				341E41FC2AC99C6100681B63 /* GTA JukeboxTests.xctest */,
				341E42062AC99C6100681B63 /* GTA JukeboxUITests.xctest */,
			);
			name = Products;
			sourceTree = "<group>";
		};
		341E41E82AC99C5E00681B63 /* GTA Jukebox */ = {
			isa = PBXGroup;
			children = (
				341E41E92AC99C5E00681B63 /* AppDelegate.swift */,
				341E41EB2AC99C5E00681B63 /* SceneDelegate.swift */,
				0AC244572B8B534000F33D92 /* Window.swift */,
				0AC2443A2B8A0A3C00F33D92 /* DependencyContainer.swift */,
				0AC244792BA0C32000F33D92 /* AudioService */,
				0AC2443C2B8A0D8900F33D92 /* Coordinators */,
				0AC2444A2B8A632D00F33D92 /* Protocols */,
				0AC2443F2B8A0DE500F33D92 /* Navigation */,
				341E421F2AC9B87D00681B63 /* ViewControllers */,
				341E42242AC9BEBC00681B63 /* Views */,
				0AC244392B8A099E00F33D92 /* ViewModels */,
				341E42252AC9C38800681B63 /* Fonts */,
				341E41EF2AC99C5E00681B63 /* Main.storyboard */,
				341E41F22AC99C6100681B63 /* Assets.xcassets */,
				341E41F72AC99C6100681B63 /* Info.plist */,
			);
			path = "GTA Jukebox";
			sourceTree = "<group>";
		};
		341E41FF2AC99C6100681B63 /* GTA JukeboxTests */ = {
			isa = PBXGroup;
			children = (
				341E42002AC99C6100681B63 /* GTA_JukeboxTests.swift */,
			);
			path = "GTA JukeboxTests";
			sourceTree = "<group>";
		};
		341E42092AC99C6100681B63 /* GTA JukeboxUITests */ = {
			isa = PBXGroup;
			children = (
				341E420A2AC99C6200681B63 /* GTA_JukeboxUITests.swift */,
				341E420C2AC99C6200681B63 /* GTA_JukeboxUITestsLaunchTests.swift */,
			);
			path = "GTA JukeboxUITests";
			sourceTree = "<group>";
		};
		341E421C2AC9B7A400681B63 /* Documentation */ = {
			isa = PBXGroup;
			children = (
				341E421D2AC9B7BE00681B63 /* GTA.png */,
			);
			path = Documentation;
			sourceTree = "<group>";
		};
		341E421F2AC9B87D00681B63 /* ViewControllers */ = {
			isa = PBXGroup;
			children = (
				0AC2444D2B8B427700F33D92 /* NavigationController.swift */,
				0AC244552B8B4EBE00F33D92 /* BasicViewController.swift */,
				0AC244482B8A603900F33D92 /* ViewController.swift */,
				341E42202AC9BE0100681B63 /* GenericViewController.swift */,
				0AC244352B8681B400F33D92 /* SplashScreenViewController.swift */,
				341E41ED2AC99C5E00681B63 /* SelectScreenViewController.swift */,
				0AC244732B9BA4EB00F33D92 /* GameScreenViewController.swift */,
			);
			path = ViewControllers;
			sourceTree = "<group>";
		};
		341E42242AC9BEBC00681B63 /* Views */ = {
			isa = PBXGroup;
			children = (
				0AC244372B8681F000F33D92 /* SplashView.swift */,
				341E42222AC9BEB800681B63 /* SelectView.swift */,
				0AC244752B9BA54000F33D92 /* GameView.swift */,
			);
			path = Views;
			sourceTree = "<group>";
		};
		341E42252AC9C38800681B63 /* Fonts */ = {
			isa = PBXGroup;
			children = (
				341E421A2AC9B6CC00681B63 /* pricedown.otf */,
			);
			path = Fonts;
			sourceTree = "<group>";
		};
/* End PBXGroup section */

/* Begin PBXNativeTarget section */
		341E41E52AC99C5E00681B63 /* GTA Jukebox */ = {
			isa = PBXNativeTarget;
			buildConfigurationList = 341E42102AC99C6200681B63 /* Build configuration list for PBXNativeTarget "GTA Jukebox" */;
			buildPhases = (
				341E41E22AC99C5E00681B63 /* Sources */,
				341E41E32AC99C5E00681B63 /* Frameworks */,
				341E41E42AC99C5E00681B63 /* Resources */,
			);
			buildRules = (
			);
			dependencies = (
			);
			name = "GTA Jukebox";
			productName = "GTA Jukebox";
			productReference = 341E41E62AC99C5E00681B63 /* GTA Jukebox.app */;
			productType = "com.apple.product-type.application";
		};
		341E41FB2AC99C6100681B63 /* GTA JukeboxTests */ = {
			isa = PBXNativeTarget;
			buildConfigurationList = 341E42132AC99C6200681B63 /* Build configuration list for PBXNativeTarget "GTA JukeboxTests" */;
			buildPhases = (
				341E41F82AC99C6100681B63 /* Sources */,
				341E41F92AC99C6100681B63 /* Frameworks */,
				341E41FA2AC99C6100681B63 /* Resources */,
			);
			buildRules = (
			);
			dependencies = (
				341E41FE2AC99C6100681B63 /* PBXTargetDependency */,
			);
			name = "GTA JukeboxTests";
			productName = "GTA JukeboxTests";
			productReference = 341E41FC2AC99C6100681B63 /* GTA JukeboxTests.xctest */;
			productType = "com.apple.product-type.bundle.unit-test";
		};
		341E42052AC99C6100681B63 /* GTA JukeboxUITests */ = {
			isa = PBXNativeTarget;
			buildConfigurationList = 341E42162AC99C6200681B63 /* Build configuration list for PBXNativeTarget "GTA JukeboxUITests" */;
			buildPhases = (
				341E42022AC99C6100681B63 /* Sources */,
				341E42032AC99C6100681B63 /* Frameworks */,
				341E42042AC99C6100681B63 /* Resources */,
			);
			buildRules = (
			);
			dependencies = (
				341E42082AC99C6100681B63 /* PBXTargetDependency */,
			);
			name = "GTA JukeboxUITests";
			productName = "GTA JukeboxUITests";
			productReference = 341E42062AC99C6100681B63 /* GTA JukeboxUITests.xctest */;
			productType = "com.apple.product-type.bundle.ui-testing";
		};
/* End PBXNativeTarget section */

/* Begin PBXProject section */
		341E41DE2AC99C5E00681B63 /* Project object */ = {
			isa = PBXProject;
			attributes = {
				BuildIndependentTargetsInParallel = 1;
				LastSwiftUpdateCheck = 1420;
				LastUpgradeCheck = 1420;
				TargetAttributes = {
					341E41E52AC99C5E00681B63 = {
						CreatedOnToolsVersion = 14.2;
					};
					341E41FB2AC99C6100681B63 = {
						CreatedOnToolsVersion = 14.2;
						TestTargetID = 341E41E52AC99C5E00681B63;
					};
					341E42052AC99C6100681B63 = {
						CreatedOnToolsVersion = 14.2;
						TestTargetID = 341E41E52AC99C5E00681B63;
					};
				};
			};
			buildConfigurationList = 341E41E12AC99C5E00681B63 /* Build configuration list for PBXProject "GTA Jukebox" */;
			compatibilityVersion = "Xcode 14.0";
			developmentRegion = en;
			hasScannedForEncodings = 0;
			knownRegions = (
				en,
				Base,
			);
			mainGroup = 341E41DD2AC99C5E00681B63;
			productRefGroup = 341E41E72AC99C5E00681B63 /* Products */;
			projectDirPath = "";
			projectRoot = "";
			targets = (
				341E41E52AC99C5E00681B63 /* GTA Jukebox */,
				341E41FB2AC99C6100681B63 /* GTA JukeboxTests */,
				341E42052AC99C6100681B63 /* GTA JukeboxUITests */,
			);
		};
/* End PBXProject section */

/* Begin PBXResourcesBuildPhase section */
		341E41E42AC99C5E00681B63 /* Resources */ = {
			isa = PBXResourcesBuildPhase;
			buildActionMask = 2147483647;
			files = (
				341E41F32AC99C6100681B63 /* Assets.xcassets in Resources */,
				341E41F12AC99C5E00681B63 /* Main.storyboard in Resources */,
				341E421B2AC9B6CD00681B63 /* pricedown.otf in Resources */,
				341E421E2AC9B7BE00681B63 /* GTA.png in Resources */,
			);
			runOnlyForDeploymentPostprocessing = 0;
		};
		341E41FA2AC99C6100681B63 /* Resources */ = {
			isa = PBXResourcesBuildPhase;
			buildActionMask = 2147483647;
			files = (
			);
			runOnlyForDeploymentPostprocessing = 0;
		};
		341E42042AC99C6100681B63 /* Resources */ = {
			isa = PBXResourcesBuildPhase;
			buildActionMask = 2147483647;
			files = (
			);
			runOnlyForDeploymentPostprocessing = 0;
		};
/* End PBXResourcesBuildPhase section */

/* Begin PBXSourcesBuildPhase section */
		341E41E22AC99C5E00681B63 /* Sources */ = {
			isa = PBXSourcesBuildPhase;
			buildActionMask = 2147483647;
			files = (
				0AC2447D2BA19F3E00F33D92 /* RadioPlayer.swift in Sources */,
				0AC244492B8A603900F33D92 /* ViewController.swift in Sources */,
				0AC244562B8B4EBE00F33D92 /* BasicViewController.swift in Sources */,
				341E41EE2AC99C5E00681B63 /* SelectScreenViewController.swift in Sources */,
				0AC244382B8681F000F33D92 /* SplashView.swift in Sources */,
				341E41EA2AC99C5E00681B63 /* AppDelegate.swift in Sources */,
				341E42212AC9BE0100681B63 /* GenericViewController.swift in Sources */,
				0AC2445C2B8B579300F33D92 /* AppCoordinator.swift in Sources */,
				0AC2444E2B8B427700F33D92 /* NavigationController.swift in Sources */,
				341E42232AC9BEB800681B63 /* SelectView.swift in Sources */,
				0AC2447F2BA222B000F33D92 /* MusicMapper.swift in Sources */,
				0AC244812BA22F7500F33D92 /* StationLoader.swift in Sources */,
				0AC244412B8A0ED300F33D92 /* SplashCoordinator.swift in Sources */,
				0AC244542B8B4BCD00F33D92 /* SplashNavigationDelegate.swift in Sources */,
				0AC244452B8A104200F33D92 /* Transition.swift in Sources */,
				0AC2445A2B8B574A00F33D92 /* AppNavigator.swift in Sources */,
				0AC244472B8A5BD900F33D92 /* Navigator.swift in Sources */,
				341E41EC2AC99C5E00681B63 /* SceneDelegate.swift in Sources */,
				0AC244742B9BA4EB00F33D92 /* GameScreenViewController.swift in Sources */,
				0AC244782B9BA5AB00F33D92 /* GameViewModel.swift in Sources */,
				0AC2446A2B96492F00F33D92 /* SplashViewModel.swift in Sources */,
				0AC244622B8FCA2600F33D92 /* SelectCoordinatorFactory.swift in Sources */,
				0AC2446E2B9BA3B100F33D92 /* GameScreenViewControllerFactory.swift in Sources */,
				0AC244602B8B5ADA00F33D92 /* BasicNavigationController.swift in Sources */,
				0AC244662B8FCBF600F33D92 /* SelectScreenViewControllerFactory.swift in Sources */,
				0AC244642B8FCAE000F33D92 /* SelectCoordinator.swift in Sources */,
				0AC244762B9BA54000F33D92 /* GameView.swift in Sources */,
				0AC244362B8681B400F33D92 /* SplashScreenViewController.swift in Sources */,
				0AC2446C2B9BA35E00F33D92 /* GameCoordinatorFactory.swift in Sources */,
				0AC244682B8FCCC100F33D92 /* SelectNavigationDelegate.swift in Sources */,
				0AC244432B8A0F3100F33D92 /* Coordinator.swift in Sources */,
				0AC2444C2B8A635300F33D92 /* Dismissable.swift in Sources */,
				0AC244722B9BA4A300F33D92 /* GameNavigationDelegate.swift in Sources */,
				0AC2447B2BA0C53400F33D92 /* AudioProtocol.swift in Sources */,
				0AC244502B8B4A3700F33D92 /* SplashScreenViewControllerFactory.swift in Sources */,
				0AC244702B9BA40D00F33D92 /* GameCoordinator.swift in Sources */,
				0AC2443B2B8A0A3C00F33D92 /* DependencyContainer.swift in Sources */,
				0AC2445E2B8B5A2100F33D92 /* BasicNavigator.swift in Sources */,
				0AC244342B7EA60000F33D92 /* SelectViewModel.swift in Sources */,
				0AC244582B8B534000F33D92 /* Window.swift in Sources */,
				0AC2443E2B8A0DA200F33D92 /* SplashCoordinatorFactory.swift in Sources */,
			);
			runOnlyForDeploymentPostprocessing = 0;
		};
		341E41F82AC99C6100681B63 /* Sources */ = {
			isa = PBXSourcesBuildPhase;
			buildActionMask = 2147483647;
			files = (
				341E42012AC99C6100681B63 /* GTA_JukeboxTests.swift in Sources */,
			);
			runOnlyForDeploymentPostprocessing = 0;
		};
		341E42022AC99C6100681B63 /* Sources */ = {
			isa = PBXSourcesBuildPhase;
			buildActionMask = 2147483647;
			files = (
				341E420D2AC99C6200681B63 /* GTA_JukeboxUITestsLaunchTests.swift in Sources */,
				341E420B2AC99C6200681B63 /* GTA_JukeboxUITests.swift in Sources */,
			);
			runOnlyForDeploymentPostprocessing = 0;
		};
/* End PBXSourcesBuildPhase section */

/* Begin PBXTargetDependency section */
		341E41FE2AC99C6100681B63 /* PBXTargetDependency */ = {
			isa = PBXTargetDependency;
			target = 341E41E52AC99C5E00681B63 /* GTA Jukebox */;
			targetProxy = 341E41FD2AC99C6100681B63 /* PBXContainerItemProxy */;
		};
		341E42082AC99C6100681B63 /* PBXTargetDependency */ = {
			isa = PBXTargetDependency;
			target = 341E41E52AC99C5E00681B63 /* GTA Jukebox */;
			targetProxy = 341E42072AC99C6100681B63 /* PBXContainerItemProxy */;
		};
/* End PBXTargetDependency section */

/* Begin PBXVariantGroup section */
		341E41EF2AC99C5E00681B63 /* Main.storyboard */ = {
			isa = PBXVariantGroup;
			children = (
				341E41F02AC99C5E00681B63 /* Base */,
			);
			name = Main.storyboard;
			sourceTree = "<group>";
		};
/* End PBXVariantGroup section */

/* Begin XCBuildConfiguration section */
		341E420E2AC99C6200681B63 /* Debug */ = {
			isa = XCBuildConfiguration;
			buildSettings = {
				ALWAYS_SEARCH_USER_PATHS = NO;
				CLANG_ANALYZER_NONNULL = YES;
				CLANG_ANALYZER_NUMBER_OBJECT_CONVERSION = YES_AGGRESSIVE;
				CLANG_CXX_LANGUAGE_STANDARD = "gnu++20";
				CLANG_ENABLE_MODULES = YES;
				CLANG_ENABLE_OBJC_ARC = YES;
				CLANG_ENABLE_OBJC_WEAK = YES;
				CLANG_WARN_BLOCK_CAPTURE_AUTORELEASING = YES;
				CLANG_WARN_BOOL_CONVERSION = YES;
				CLANG_WARN_COMMA = YES;
				CLANG_WARN_CONSTANT_CONVERSION = YES;
				CLANG_WARN_DEPRECATED_OBJC_IMPLEMENTATIONS = YES;
				CLANG_WARN_DIRECT_OBJC_ISA_USAGE = YES_ERROR;
				CLANG_WARN_DOCUMENTATION_COMMENTS = YES;
				CLANG_WARN_EMPTY_BODY = YES;
				CLANG_WARN_ENUM_CONVERSION = YES;
				CLANG_WARN_INFINITE_RECURSION = YES;
				CLANG_WARN_INT_CONVERSION = YES;
				CLANG_WARN_NON_LITERAL_NULL_CONVERSION = YES;
				CLANG_WARN_OBJC_IMPLICIT_RETAIN_SELF = YES;
				CLANG_WARN_OBJC_LITERAL_CONVERSION = YES;
				CLANG_WARN_OBJC_ROOT_CLASS = YES_ERROR;
				CLANG_WARN_QUOTED_INCLUDE_IN_FRAMEWORK_HEADER = YES;
				CLANG_WARN_RANGE_LOOP_ANALYSIS = YES;
				CLANG_WARN_STRICT_PROTOTYPES = YES;
				CLANG_WARN_SUSPICIOUS_MOVE = YES;
				CLANG_WARN_UNGUARDED_AVAILABILITY = YES_AGGRESSIVE;
				CLANG_WARN_UNREACHABLE_CODE = YES;
				CLANG_WARN__DUPLICATE_METHOD_MATCH = YES;
				COPY_PHASE_STRIP = NO;
				DEBUG_INFORMATION_FORMAT = dwarf;
				ENABLE_STRICT_OBJC_MSGSEND = YES;
				ENABLE_TESTABILITY = YES;
				GCC_C_LANGUAGE_STANDARD = gnu11;
				GCC_DYNAMIC_NO_PIC = NO;
				GCC_NO_COMMON_BLOCKS = YES;
				GCC_OPTIMIZATION_LEVEL = 0;
				GCC_PREPROCESSOR_DEFINITIONS = (
					"DEBUG=1",
					"$(inherited)",
				);
				GCC_WARN_64_TO_32_BIT_CONVERSION = YES;
				GCC_WARN_ABOUT_RETURN_TYPE = YES_ERROR;
				GCC_WARN_UNDECLARED_SELECTOR = YES;
				GCC_WARN_UNINITIALIZED_AUTOS = YES_AGGRESSIVE;
				GCC_WARN_UNUSED_FUNCTION = YES;
				GCC_WARN_UNUSED_VARIABLE = YES;
				IPHONEOS_DEPLOYMENT_TARGET = 16.2;
				MTL_ENABLE_DEBUG_INFO = INCLUDE_SOURCE;
				MTL_FAST_MATH = YES;
				ONLY_ACTIVE_ARCH = YES;
				SDKROOT = iphoneos;
				SWIFT_ACTIVE_COMPILATION_CONDITIONS = DEBUG;
				SWIFT_OPTIMIZATION_LEVEL = "-Onone";
			};
			name = Debug;
		};
		341E420F2AC99C6200681B63 /* Release */ = {
			isa = XCBuildConfiguration;
			buildSettings = {
				ALWAYS_SEARCH_USER_PATHS = NO;
				CLANG_ANALYZER_NONNULL = YES;
				CLANG_ANALYZER_NUMBER_OBJECT_CONVERSION = YES_AGGRESSIVE;
				CLANG_CXX_LANGUAGE_STANDARD = "gnu++20";
				CLANG_ENABLE_MODULES = YES;
				CLANG_ENABLE_OBJC_ARC = YES;
				CLANG_ENABLE_OBJC_WEAK = YES;
				CLANG_WARN_BLOCK_CAPTURE_AUTORELEASING = YES;
				CLANG_WARN_BOOL_CONVERSION = YES;
				CLANG_WARN_COMMA = YES;
				CLANG_WARN_CONSTANT_CONVERSION = YES;
				CLANG_WARN_DEPRECATED_OBJC_IMPLEMENTATIONS = YES;
				CLANG_WARN_DIRECT_OBJC_ISA_USAGE = YES_ERROR;
				CLANG_WARN_DOCUMENTATION_COMMENTS = YES;
				CLANG_WARN_EMPTY_BODY = YES;
				CLANG_WARN_ENUM_CONVERSION = YES;
				CLANG_WARN_INFINITE_RECURSION = YES;
				CLANG_WARN_INT_CONVERSION = YES;
				CLANG_WARN_NON_LITERAL_NULL_CONVERSION = YES;
				CLANG_WARN_OBJC_IMPLICIT_RETAIN_SELF = YES;
				CLANG_WARN_OBJC_LITERAL_CONVERSION = YES;
				CLANG_WARN_OBJC_ROOT_CLASS = YES_ERROR;
				CLANG_WARN_QUOTED_INCLUDE_IN_FRAMEWORK_HEADER = YES;
				CLANG_WARN_RANGE_LOOP_ANALYSIS = YES;
				CLANG_WARN_STRICT_PROTOTYPES = YES;
				CLANG_WARN_SUSPICIOUS_MOVE = YES;
				CLANG_WARN_UNGUARDED_AVAILABILITY = YES_AGGRESSIVE;
				CLANG_WARN_UNREACHABLE_CODE = YES;
				CLANG_WARN__DUPLICATE_METHOD_MATCH = YES;
				COPY_PHASE_STRIP = NO;
				DEBUG_INFORMATION_FORMAT = "dwarf-with-dsym";
				ENABLE_NS_ASSERTIONS = NO;
				ENABLE_STRICT_OBJC_MSGSEND = YES;
				GCC_C_LANGUAGE_STANDARD = gnu11;
				GCC_NO_COMMON_BLOCKS = YES;
				GCC_WARN_64_TO_32_BIT_CONVERSION = YES;
				GCC_WARN_ABOUT_RETURN_TYPE = YES_ERROR;
				GCC_WARN_UNDECLARED_SELECTOR = YES;
				GCC_WARN_UNINITIALIZED_AUTOS = YES_AGGRESSIVE;
				GCC_WARN_UNUSED_FUNCTION = YES;
				GCC_WARN_UNUSED_VARIABLE = YES;
				IPHONEOS_DEPLOYMENT_TARGET = 16.2;
				MTL_ENABLE_DEBUG_INFO = NO;
				MTL_FAST_MATH = YES;
				SDKROOT = iphoneos;
				SWIFT_COMPILATION_MODE = wholemodule;
				SWIFT_OPTIMIZATION_LEVEL = "-O";
				VALIDATE_PRODUCT = YES;
			};
			name = Release;
		};
		341E42112AC99C6200681B63 /* Debug */ = {
			isa = XCBuildConfiguration;
			buildSettings = {
				ASSETCATALOG_COMPILER_APPICON_NAME = AppIcon;
				ASSETCATALOG_COMPILER_GLOBAL_ACCENT_COLOR_NAME = AccentColor;
				CODE_SIGN_STYLE = Automatic;
				CURRENT_PROJECT_VERSION = 1;
				DEVELOPMENT_TEAM = 6478Y3WC5Q;
				GENERATE_INFOPLIST_FILE = YES;
				INFOPLIST_FILE = "GTA Jukebox/Info.plist";
				INFOPLIST_KEY_UIApplicationSupportsIndirectInputEvents = YES;
				INFOPLIST_KEY_UILaunchStoryboardName = LaunchScreen;
				INFOPLIST_KEY_UIMainStoryboardFile = Main;
				INFOPLIST_KEY_UISupportedInterfaceOrientations = UIInterfaceOrientationPortrait;
				INFOPLIST_KEY_UISupportedInterfaceOrientations_iPad = "UIInterfaceOrientationLandscapeLeft UIInterfaceOrientationLandscapeRight UIInterfaceOrientationPortrait UIInterfaceOrientationPortraitUpsideDown";
				LD_RUNPATH_SEARCH_PATHS = (
					"$(inherited)",
					"@executable_path/Frameworks",
				);
				MARKETING_VERSION = 1.0;
				PRODUCT_BUNDLE_IDENTIFIER = "com.matthewlock.GTA-Jukebox";
				PRODUCT_NAME = "$(TARGET_NAME)";
				SWIFT_EMIT_LOC_STRINGS = YES;
				SWIFT_VERSION = 5.0;
				TARGETED_DEVICE_FAMILY = "1,2";
			};
			name = Debug;
		};
		341E42122AC99C6200681B63 /* Release */ = {
			isa = XCBuildConfiguration;
			buildSettings = {
				ASSETCATALOG_COMPILER_APPICON_NAME = AppIcon;
				ASSETCATALOG_COMPILER_GLOBAL_ACCENT_COLOR_NAME = AccentColor;
				CODE_SIGN_STYLE = Automatic;
				CURRENT_PROJECT_VERSION = 1;
				DEVELOPMENT_TEAM = 6478Y3WC5Q;
				GENERATE_INFOPLIST_FILE = YES;
				INFOPLIST_FILE = "GTA Jukebox/Info.plist";
				INFOPLIST_KEY_UIApplicationSupportsIndirectInputEvents = YES;
				INFOPLIST_KEY_UILaunchStoryboardName = LaunchScreen;
				INFOPLIST_KEY_UIMainStoryboardFile = Main;
				INFOPLIST_KEY_UISupportedInterfaceOrientations = UIInterfaceOrientationPortrait;
				INFOPLIST_KEY_UISupportedInterfaceOrientations_iPad = "UIInterfaceOrientationLandscapeLeft UIInterfaceOrientationLandscapeRight UIInterfaceOrientationPortrait UIInterfaceOrientationPortraitUpsideDown";
				LD_RUNPATH_SEARCH_PATHS = (
					"$(inherited)",
					"@executable_path/Frameworks",
				);
				MARKETING_VERSION = 1.0;
				PRODUCT_BUNDLE_IDENTIFIER = "com.matthewlock.GTA-Jukebox";
				PRODUCT_NAME = "$(TARGET_NAME)";
				SWIFT_EMIT_LOC_STRINGS = YES;
				SWIFT_VERSION = 5.0;
				TARGETED_DEVICE_FAMILY = "1,2";
			};
			name = Release;
		};
		341E42142AC99C6200681B63 /* Debug */ = {
			isa = XCBuildConfiguration;
			buildSettings = {
				ALWAYS_EMBED_SWIFT_STANDARD_LIBRARIES = YES;
				BUNDLE_LOADER = "$(TEST_HOST)";
				CODE_SIGN_STYLE = Automatic;
				CURRENT_PROJECT_VERSION = 1;
				DEVELOPMENT_TEAM = 6478Y3WC5Q;
				GENERATE_INFOPLIST_FILE = YES;
				IPHONEOS_DEPLOYMENT_TARGET = 16.2;
				MARKETING_VERSION = 1.0;
				PRODUCT_BUNDLE_IDENTIFIER = "com.matthewlock.GTA-JukeboxTests";
				PRODUCT_NAME = "$(TARGET_NAME)";
				SWIFT_EMIT_LOC_STRINGS = NO;
				SWIFT_VERSION = 5.0;
				TARGETED_DEVICE_FAMILY = "1,2";
				TEST_HOST = "$(BUILT_PRODUCTS_DIR)/GTA Jukebox.app/$(BUNDLE_EXECUTABLE_FOLDER_PATH)/GTA Jukebox";
			};
			name = Debug;
		};
		341E42152AC99C6200681B63 /* Release */ = {
			isa = XCBuildConfiguration;
			buildSettings = {
				ALWAYS_EMBED_SWIFT_STANDARD_LIBRARIES = YES;
				BUNDLE_LOADER = "$(TEST_HOST)";
				CODE_SIGN_STYLE = Automatic;
				CURRENT_PROJECT_VERSION = 1;
				DEVELOPMENT_TEAM = 6478Y3WC5Q;
				GENERATE_INFOPLIST_FILE = YES;
				IPHONEOS_DEPLOYMENT_TARGET = 16.2;
				MARKETING_VERSION = 1.0;
				PRODUCT_BUNDLE_IDENTIFIER = "com.matthewlock.GTA-JukeboxTests";
				PRODUCT_NAME = "$(TARGET_NAME)";
				SWIFT_EMIT_LOC_STRINGS = NO;
				SWIFT_VERSION = 5.0;
				TARGETED_DEVICE_FAMILY = "1,2";
				TEST_HOST = "$(BUILT_PRODUCTS_DIR)/GTA Jukebox.app/$(BUNDLE_EXECUTABLE_FOLDER_PATH)/GTA Jukebox";
			};
			name = Release;
		};
		341E42172AC99C6200681B63 /* Debug */ = {
			isa = XCBuildConfiguration;
			buildSettings = {
				ALWAYS_EMBED_SWIFT_STANDARD_LIBRARIES = YES;
				CODE_SIGN_STYLE = Automatic;
				CURRENT_PROJECT_VERSION = 1;
				DEVELOPMENT_TEAM = 6478Y3WC5Q;
				GENERATE_INFOPLIST_FILE = YES;
				MARKETING_VERSION = 1.0;
				PRODUCT_BUNDLE_IDENTIFIER = "com.matthewlock.GTA-JukeboxUITests";
				PRODUCT_NAME = "$(TARGET_NAME)";
				SWIFT_EMIT_LOC_STRINGS = NO;
				SWIFT_VERSION = 5.0;
				TARGETED_DEVICE_FAMILY = "1,2";
				TEST_TARGET_NAME = "GTA Jukebox";
			};
			name = Debug;
		};
		341E42182AC99C6200681B63 /* Release */ = {
			isa = XCBuildConfiguration;
			buildSettings = {
				ALWAYS_EMBED_SWIFT_STANDARD_LIBRARIES = YES;
				CODE_SIGN_STYLE = Automatic;
				CURRENT_PROJECT_VERSION = 1;
				DEVELOPMENT_TEAM = 6478Y3WC5Q;
				GENERATE_INFOPLIST_FILE = YES;
				MARKETING_VERSION = 1.0;
				PRODUCT_BUNDLE_IDENTIFIER = "com.matthewlock.GTA-JukeboxUITests";
				PRODUCT_NAME = "$(TARGET_NAME)";
				SWIFT_EMIT_LOC_STRINGS = NO;
				SWIFT_VERSION = 5.0;
				TARGETED_DEVICE_FAMILY = "1,2";
				TEST_TARGET_NAME = "GTA Jukebox";
			};
			name = Release;
		};
/* End XCBuildConfiguration section */

/* Begin XCConfigurationList section */
		341E41E12AC99C5E00681B63 /* Build configuration list for PBXProject "GTA Jukebox" */ = {
			isa = XCConfigurationList;
			buildConfigurations = (
				341E420E2AC99C6200681B63 /* Debug */,
				341E420F2AC99C6200681B63 /* Release */,
			);
			defaultConfigurationIsVisible = 0;
			defaultConfigurationName = Release;
		};
		341E42102AC99C6200681B63 /* Build configuration list for PBXNativeTarget "GTA Jukebox" */ = {
			isa = XCConfigurationList;
			buildConfigurations = (
				341E42112AC99C6200681B63 /* Debug */,
				341E42122AC99C6200681B63 /* Release */,
			);
			defaultConfigurationIsVisible = 0;
			defaultConfigurationName = Release;
		};
		341E42132AC99C6200681B63 /* Build configuration list for PBXNativeTarget "GTA JukeboxTests" */ = {
			isa = XCConfigurationList;
			buildConfigurations = (
				341E42142AC99C6200681B63 /* Debug */,
				341E42152AC99C6200681B63 /* Release */,
			);
			defaultConfigurationIsVisible = 0;
			defaultConfigurationName = Release;
		};
		341E42162AC99C6200681B63 /* Build configuration list for PBXNativeTarget "GTA JukeboxUITests" */ = {
			isa = XCConfigurationList;
			buildConfigurations = (
				341E42172AC99C6200681B63 /* Debug */,
				341E42182AC99C6200681B63 /* Release */,
			);
			defaultConfigurationIsVisible = 0;
			defaultConfigurationName = Release;
		};
/* End XCConfigurationList section */
	};
	rootObject = 341E41DE2AC99C5E00681B63 /* Project object */;
}
