// !$*UTF8*$!
{
	archiveVersion = 1;
	classes = {
	};
	objectVersion = 56;
	objects = {

/* Begin PBXBuildFile section */
		341E41EA2AC99C5E00681B63 /* AppDelegate.swift in Sources */ = {isa = PBXBuildFile; fileRef = 341E41E92AC99C5E00681B63 /* AppDelegate.swift */; };
		341E41EC2AC99C5E00681B63 /* SceneDelegate.swift in Sources */ = {isa = PBXBuildFile; fileRef = 341E41EB2AC99C5E00681B63 /* SceneDelegate.swift */; };
		341E41EE2AC99C5E00681B63 /* ViewController.swift in Sources */ = {isa = PBXBuildFile; fileRef = 341E41ED2AC99C5E00681B63 /* ViewController.swift */; };
		341E41F12AC99C5E00681B63 /* Main.storyboard in Resources */ = {isa = PBXBuildFile; fileRef = 341E41EF2AC99C5E00681B63 /* Main.storyboard */; };
		341E41F32AC99C6100681B63 /* Assets.xcassets in Resources */ = {isa = PBXBuildFile; fileRef = 341E41F22AC99C6100681B63 /* Assets.xcassets */; };
		341E41F62AC99C6100681B63 /* LaunchScreen.storyboard in Resources */ = {isa = PBXBuildFile; fileRef = 341E41F42AC99C6100681B63 /* LaunchScreen.storyboard */; };
		341E42012AC99C6100681B63 /* GTA_JukeboxTests.swift in Sources */ = {isa = PBXBuildFile; fileRef = 341E42002AC99C6100681B63 /* GTA_JukeboxTests.swift */; };
		341E420B2AC99C6200681B63 /* GTA_JukeboxUITests.swift in Sources */ = {isa = PBXBuildFile; fileRef = 341E420A2AC99C6200681B63 /* GTA_JukeboxUITests.swift */; };
		341E420D2AC99C6200681B63 /* GTA_JukeboxUITestsLaunchTests.swift in Sources */ = {isa = PBXBuildFile; fileRef = 341E420C2AC99C6200681B63 /* GTA_JukeboxUITestsLaunchTests.swift */; };
/* End PBXBuildFile section */

/* Begin PBXContainerItemProxy section */
		341E41FD2AC99C6100681B63 /* PBXContainerItemProxy */ = {
			isa = PBXContainerItemProxy;
			containerPortal = 341E41DE2AC99C5E00681B63 /* Project object */;
			proxyType = 1;
			remoteGlobalIDString = 341E41E52AC99C5E00681B63;
			remoteInfo = "GTA Jukebox";
		};
		341E42072AC99C6100681B63 /* PBXContainerItemProxy */ = {
			isa = PBXContainerItemProxy;
			containerPortal = 341E41DE2AC99C5E00681B63 /* Project object */;
			proxyType = 1;
			remoteGlobalIDString = 341E41E52AC99C5E00681B63;
			remoteInfo = "GTA Jukebox";
		};
/* End PBXContainerItemProxy section */

/* Begin PBXFileReference section */
		341E41E62AC99C5E00681B63 /* GTA Jukebox.app */ = {isa = PBXFileReference; explicitFileType = wrapper.application; includeInIndex = 0; path = "GTA Jukebox.app"; sourceTree = BUILT_PRODUCTS_DIR; };
		341E41E92AC99C5E00681B63 /* AppDelegate.swift */ = {isa = PBXFileReference; lastKnownFileType = sourcecode.swift; path = AppDelegate.swift; sourceTree = "<group>"; };
		341E41EB2AC99C5E00681B63 /* SceneDelegate.swift */ = {isa = PBXFileReference; lastKnownFileType = sourcecode.swift; path = SceneDelegate.swift; sourceTree = "<group>"; };
		341E41ED2AC99C5E00681B63 /* ViewController.swift */ = {isa = PBXFileReference; lastKnownFileType = sourcecode.swift; path = ViewController.swift; sourceTree = "<group>"; };
		341E41F02AC99C5E00681B63 /* Base */ = {isa = PBXFileReference; lastKnownFileType = file.storyboard; name = Base; path = Base.lproj/Main.storyboard; sourceTree = "<group>"; };
		341E41F22AC99C6100681B63 /* Assets.xcassets */ = {isa = PBXFileReference; lastKnownFileType = folder.assetcatalog; path = Assets.xcassets; sourceTree = "<group>"; };
		341E41F52AC99C6100681B63 /* Base */ = {isa = PBXFileReference; lastKnownFileType = file.storyboard; name = Base; path = Base.lproj/LaunchScreen.storyboard; sourceTree = "<group>"; };
		341E41F72AC99C6100681B63 /* Info.plist */ = {isa = PBXFileReference; lastKnownFileType = text.plist.xml; path = Info.plist; sourceTree = "<group>"; };
		341E41FC2AC99C6100681B63 /* GTA JukeboxTests.xctest */ = {isa = PBXFileReference; explicitFileType = wrapper.cfbundle; includeInIndex = 0; path = "GTA JukeboxTests.xctest"; sourceTree = BUILT_PRODUCTS_DIR; };
		341E42002AC99C6100681B63 /* GTA_JukeboxTests.swift */ = {isa = PBXFileReference; lastKnownFileType = sourcecode.swift; path = GTA_JukeboxTests.swift; sourceTree = "<group>"; };
		341E42062AC99C6100681B63 /* GTA JukeboxUITests.xctest */ = {isa = PBXFileReference; explicitFileType = wrapper.cfbundle; includeInIndex = 0; path = "GTA JukeboxUITests.xctest"; sourceTree = BUILT_PRODUCTS_DIR; };
		341E420A2AC99C6200681B63 /* GTA_JukeboxUITests.swift */ = {isa = PBXFileReference; lastKnownFileType = sourcecode.swift; path = GTA_JukeboxUITests.swift; sourceTree = "<group>"; };
		341E420C2AC99C6200681B63 /* GTA_JukeboxUITestsLaunchTests.swift */ = {isa = PBXFileReference; lastKnownFileType = sourcecode.swift; path = GTA_JukeboxUITestsLaunchTests.swift; sourceTree = "<group>"; };
		341E42192AC99D6600681B63 /* README.md */ = {isa = PBXFileReference; lastKnownFileType = net.daringfireball.markdown; path = README.md; sourceTree = "<group>"; };
/* End PBXFileReference section */

/* Begin PBXFrameworksBuildPhase section */
		341E41E32AC99C5E00681B63 /* Frameworks */ = {
			isa = PBXFrameworksBuildPhase;
			buildActionMask = 2147483647;
			files = (
			);
			runOnlyForDeploymentPostprocessing = 0;
		};
		341E41F92AC99C6100681B63 /* Frameworks */ = {
			isa = PBXFrameworksBuildPhase;
			buildActionMask = 2147483647;
			files = (
			);
			runOnlyForDeploymentPostprocessing = 0;
		};
		341E42032AC99C6100681B63 /* Frameworks */ = {
			isa = PBXFrameworksBuildPhase;
			buildActionMask = 2147483647;
			files = (
			);
			runOnlyForDeploymentPostprocessing = 0;
		};
/* End PBXFrameworksBuildPhase section */

/* Begin PBXGroup section */
		341E41DD2AC99C5E00681B63 = {
			isa = PBXGroup;
			children = (
				341E42192AC99D6600681B63 /* README.md */,
				341E41E82AC99C5E00681B63 /* GTA Jukebox */,
				341E41FF2AC99C6100681B63 /* GTA JukeboxTests */,
				341E42092AC99C6100681B63 /* GTA JukeboxUITests */,
				341E41E72AC99C5E00681B63 /* Products */,
			);
			sourceTree = "<group>";
		};
		341E41E72AC99C5E00681B63 /* Products */ = {
			isa = PBXGroup;
			children = (
				341E41E62AC99C5E00681B63 /* GTA Jukebox.app */,
				341E41FC2AC99C6100681B63 /* GTA JukeboxTests.xctest */,
				341E42062AC99C6100681B63 /* GTA JukeboxUITests.xctest */,
			);
			name = Products;
			sourceTree = "<group>";
		};
		341E41E82AC99C5E00681B63 /* GTA Jukebox */ = {
			isa = PBXGroup;
			children = (
				341E41E92AC99C5E00681B63 /* AppDelegate.swift */,
				341E41EB2AC99C5E00681B63 /* SceneDelegate.swift */,
				341E41ED2AC99C5E00681B63 /* ViewController.swift */,
				341E41EF2AC99C5E00681B63 /* Main.storyboard */,
				341E41F22AC99C6100681B63 /* Assets.xcassets */,
				341E41F42AC99C6100681B63 /* LaunchScreen.storyboard */,
				341E41F72AC99C6100681B63 /* Info.plist */,
			);
			path = "GTA Jukebox";
			sourceTree = "<group>";
		};
		341E41FF2AC99C6100681B63 /* GTA JukeboxTests */ = {
			isa = PBXGroup;
			children = (
				341E42002AC99C6100681B63 /* GTA_JukeboxTests.swift */,
			);
			path = "GTA JukeboxTests";
			sourceTree = "<group>";
		};
		341E42092AC99C6100681B63 /* GTA JukeboxUITests */ = {
			isa = PBXGroup;
			children = (
				341E420A2AC99C6200681B63 /* GTA_JukeboxUITests.swift */,
				341E420C2AC99C6200681B63 /* GTA_JukeboxUITestsLaunchTests.swift */,
			);
			path = "GTA JukeboxUITests";
			sourceTree = "<group>";
		};
/* End PBXGroup section */

/* Begin PBXNativeTarget section */
		341E41E52AC99C5E00681B63 /* GTA Jukebox */ = {
			isa = PBXNativeTarget;
			buildConfigurationList = 341E42102AC99C6200681B63 /* Build configuration list for PBXNativeTarget "GTA Jukebox" */;
			buildPhases = (
				341E41E22AC99C5E00681B63 /* Sources */,
				341E41E32AC99C5E00681B63 /* Frameworks */,
				341E41E42AC99C5E00681B63 /* Resources */,
			);
			buildRules = (
			);
			dependencies = (
			);
			name = "GTA Jukebox";
			productName = "GTA Jukebox";
			productReference = 341E41E62AC99C5E00681B63 /* GTA Jukebox.app */;
			productType = "com.apple.product-type.application";
		};
		341E41FB2AC99C6100681B63 /* GTA JukeboxTests */ = {
			isa = PBXNativeTarget;
			buildConfigurationList = 341E42132AC99C6200681B63 /* Build configuration list for PBXNativeTarget "GTA JukeboxTests" */;
			buildPhases = (
				341E41F82AC99C6100681B63 /* Sources */,
				341E41F92AC99C6100681B63 /* Frameworks */,
				341E41FA2AC99C6100681B63 /* Resources */,
			);
			buildRules = (
			);
			dependencies = (
				341E41FE2AC99C6100681B63 /* PBXTargetDependency */,
			);
			name = "GTA JukeboxTests";
			productName = "GTA JukeboxTests";
			productReference = 341E41FC2AC99C6100681B63 /* GTA JukeboxTests.xctest */;
			productType = "com.apple.product-type.bundle.unit-test";
		};
		341E42052AC99C6100681B63 /* GTA JukeboxUITests */ = {
			isa = PBXNativeTarget;
			buildConfigurationList = 341E42162AC99C6200681B63 /* Build configuration list for PBXNativeTarget "GTA JukeboxUITests" */;
			buildPhases = (
				341E42022AC99C6100681B63 /* Sources */,
				341E42032AC99C6100681B63 /* Frameworks */,
				341E42042AC99C6100681B63 /* Resources */,
			);
			buildRules = (
			);
			dependencies = (
				341E42082AC99C6100681B63 /* PBXTargetDependency */,
			);
			name = "GTA JukeboxUITests";
			productName = "GTA JukeboxUITests";
			productReference = 341E42062AC99C6100681B63 /* GTA JukeboxUITests.xctest */;
			productType = "com.apple.product-type.bundle.ui-testing";
		};
/* End PBXNativeTarget section */

/* Begin PBXProject section */
		341E41DE2AC99C5E00681B63 /* Project object */ = {
			isa = PBXProject;
			attributes = {
				BuildIndependentTargetsInParallel = 1;
				LastSwiftUpdateCheck = 1420;
				LastUpgradeCheck = 1420;
				TargetAttributes = {
					341E41E52AC99C5E00681B63 = {
						CreatedOnToolsVersion = 14.2;
					};
					341E41FB2AC99C6100681B63 = {
						CreatedOnToolsVersion = 14.2;
						TestTargetID = 341E41E52AC99C5E00681B63;
					};
					341E42052AC99C6100681B63 = {
						CreatedOnToolsVersion = 14.2;
						TestTargetID = 341E41E52AC99C5E00681B63;
					};
				};
			};
			buildConfigurationList = 341E41E12AC99C5E00681B63 /* Build configuration list for PBXProject "GTA Jukebox" */;
			compatibilityVersion = "Xcode 14.0";
			developmentRegion = en;
			hasScannedForEncodings = 0;
			knownRegions = (
				en,
				Base,
			);
			mainGroup = 341E41DD2AC99C5E00681B63;
			productRefGroup = 341E41E72AC99C5E00681B63 /* Products */;
			projectDirPath = "";
			projectRoot = "";
			targets = (
				341E41E52AC99C5E00681B63 /* GTA Jukebox */,
				341E41FB2AC99C6100681B63 /* GTA JukeboxTests */,
				341E42052AC99C6100681B63 /* GTA JukeboxUITests */,
			);
		};
/* End PBXProject section */

/* Begin PBXResourcesBuildPhase section */
		341E41E42AC99C5E00681B63 /* Resources */ = {
			isa = PBXResourcesBuildPhase;
			buildActionMask = 2147483647;
			files = (
				341E41F62AC99C6100681B63 /* LaunchScreen.storyboard in Resources */,
				341E41F32AC99C6100681B63 /* Assets.xcassets in Resources */,
				341E41F12AC99C5E00681B63 /* Main.storyboard in Resources */,
			);
			runOnlyForDeploymentPostprocessing = 0;
		};
		341E41FA2AC99C6100681B63 /* Resources */ = {
			isa = PBXResourcesBuildPhase;
			buildActionMask = 2147483647;
			files = (
			);
			runOnlyForDeploymentPostprocessing = 0;
		};
		341E42042AC99C6100681B63 /* Resources */ = {
			isa = PBXResourcesBuildPhase;
			buildActionMask = 2147483647;
			files = (
			);
			runOnlyForDeploymentPostprocessing = 0;
		};
/* End PBXResourcesBuildPhase section */

/* Begin PBXSourcesBuildPhase section */
		341E41E22AC99C5E00681B63 /* Sources */ = {
			isa = PBXSourcesBuildPhase;
			buildActionMask = 2147483647;
			files = (
				341E41EE2AC99C5E00681B63 /* ViewController.swift in Sources */,
				341E41EA2AC99C5E00681B63 /* AppDelegate.swift in Sources */,
				341E41EC2AC99C5E00681B63 /* SceneDelegate.swift in Sources */,
			);
			runOnlyForDeploymentPostprocessing = 0;
		};
		341E41F82AC99C6100681B63 /* Sources */ = {
			isa = PBXSourcesBuildPhase;
			buildActionMask = 2147483647;
			files = (
				341E42012AC99C6100681B63 /* GTA_JukeboxTests.swift in Sources */,
			);
			runOnlyForDeploymentPostprocessing = 0;
		};
		341E42022AC99C6100681B63 /* Sources */ = {
			isa = PBXSourcesBuildPhase;
			buildActionMask = 2147483647;
			files = (
				341E420D2AC99C6200681B63 /* GTA_JukeboxUITestsLaunchTests.swift in Sources */,
				341E420B2AC99C6200681B63 /* GTA_JukeboxUITests.swift in Sources */,
			);
			runOnlyForDeploymentPostprocessing = 0;
		};
/* End PBXSourcesBuildPhase section */

/* Begin PBXTargetDependency section */
		341E41FE2AC99C6100681B63 /* PBXTargetDependency */ = {
			isa = PBXTargetDependency;
			target = 341E41E52AC99C5E00681B63 /* GTA Jukebox */;
			targetProxy = 341E41FD2AC99C6100681B63 /* PBXContainerItemProxy */;
		};
		341E42082AC99C6100681B63 /* PBXTargetDependency */ = {
			isa = PBXTargetDependency;
			target = 341E41E52AC99C5E00681B63 /* GTA Jukebox */;
			targetProxy = 341E42072AC99C6100681B63 /* PBXContainerItemProxy */;
		};
/* End PBXTargetDependency section */

/* Begin PBXVariantGroup section */
		341E41EF2AC99C5E00681B63 /* Main.storyboard */ = {
			isa = PBXVariantGroup;
			children = (
				341E41F02AC99C5E00681B63 /* Base */,
			);
			name = Main.storyboard;
			sourceTree = "<group>";
		};
		341E41F42AC99C6100681B63 /* LaunchScreen.storyboard */ = {
			isa = PBXVariantGroup;
			children = (
				341E41F52AC99C6100681B63 /* Base */,
			);
			name = LaunchScreen.storyboard;
			sourceTree = "<group>";
		};
/* End PBXVariantGroup section */

/* Begin XCBuildConfiguration section */
		341E420E2AC99C6200681B63 /* Debug */ = {
			isa = XCBuildConfiguration;
			buildSettings = {
				ALWAYS_SEARCH_USER_PATHS = NO;
				CLANG_ANALYZER_NONNULL = YES;
				CLANG_ANALYZER_NUMBER_OBJECT_CONVERSION = YES_AGGRESSIVE;
				CLANG_CXX_LANGUAGE_STANDARD = "gnu++20";
				CLANG_ENABLE_MODULES = YES;
				CLANG_ENABLE_OBJC_ARC = YES;
				CLANG_ENABLE_OBJC_WEAK = YES;
				CLANG_WARN_BLOCK_CAPTURE_AUTORELEASING = YES;
				CLANG_WARN_BOOL_CONVERSION = YES;
				CLANG_WARN_COMMA = YES;
				CLANG_WARN_CONSTANT_CONVERSION = YES;
				CLANG_WARN_DEPRECATED_OBJC_IMPLEMENTATIONS = YES;
				CLANG_WARN_DIRECT_OBJC_ISA_USAGE = YES_ERROR;
				CLANG_WARN_DOCUMENTATION_COMMENTS = YES;
				CLANG_WARN_EMPTY_BODY = YES;
				CLANG_WARN_ENUM_CONVERSION = YES;
				CLANG_WARN_INFINITE_RECURSION = YES;
				CLANG_WARN_INT_CONVERSION = YES;
				CLANG_WARN_NON_LITERAL_NULL_CONVERSION = YES;
				CLANG_WARN_OBJC_IMPLICIT_RETAIN_SELF = YES;
				CLANG_WARN_OBJC_LITERAL_CONVERSION = YES;
				CLANG_WARN_OBJC_ROOT_CLASS = YES_ERROR;
				CLANG_WARN_QUOTED_INCLUDE_IN_FRAMEWORK_HEADER = YES;
				CLANG_WARN_RANGE_LOOP_ANALYSIS = YES;
				CLANG_WARN_STRICT_PROTOTYPES = YES;
				CLANG_WARN_SUSPICIOUS_MOVE = YES;
				CLANG_WARN_UNGUARDED_AVAILABILITY = YES_AGGRESSIVE;
				CLANG_WARN_UNREACHABLE_CODE = YES;
				CLANG_WARN__DUPLICATE_METHOD_MATCH = YES;
				COPY_PHASE_STRIP = NO;
				DEBUG_INFORMATION_FORMAT = dwarf;
				ENABLE_STRICT_OBJC_MSGSEND = YES;
				ENABLE_TESTABILITY = YES;
				GCC_C_LANGUAGE_STANDARD = gnu11;
				GCC_DYNAMIC_NO_PIC = NO;
				GCC_NO_COMMON_BLOCKS = YES;
				GCC_OPTIMIZATION_LEVEL = 0;
				GCC_PREPROCESSOR_DEFINITIONS = (
					"DEBUG=1",
					"$(inherited)",
				);
				GCC_WARN_64_TO_32_BIT_CONVERSION = YES;
				GCC_WARN_ABOUT_RETURN_TYPE = YES_ERROR;
				GCC_WARN_UNDECLARED_SELECTOR = YES;
				GCC_WARN_UNINITIALIZED_AUTOS = YES_AGGRESSIVE;
				GCC_WARN_UNUSED_FUNCTION = YES;
				GCC_WARN_UNUSED_VARIABLE = YES;
				IPHONEOS_DEPLOYMENT_TARGET = 16.2;
				MTL_ENABLE_DEBUG_INFO = INCLUDE_SOURCE;
				MTL_FAST_MATH = YES;
				ONLY_ACTIVE_ARCH = YES;
				SDKROOT = iphoneos;
				SWIFT_ACTIVE_COMPILATION_CONDITIONS = DEBUG;
				SWIFT_OPTIMIZATION_LEVEL = "-Onone";
			};
			name = Debug;
		};
		341E420F2AC99C6200681B63 /* Release */ = {
			isa = XCBuildConfiguration;
			buildSettings = {
				ALWAYS_SEARCH_USER_PATHS = NO;
				CLANG_ANALYZER_NONNULL = YES;
				CLANG_ANALYZER_NUMBER_OBJECT_CONVERSION = YES_AGGRESSIVE;
				CLANG_CXX_LANGUAGE_STANDARD = "gnu++20";
				CLANG_ENABLE_MODULES = YES;
				CLANG_ENABLE_OBJC_ARC = YES;
				CLANG_ENABLE_OBJC_WEAK = YES;
				CLANG_WARN_BLOCK_CAPTURE_AUTORELEASING = YES;
				CLANG_WARN_BOOL_CONVERSION = YES;
				CLANG_WARN_COMMA = YES;
				CLANG_WARN_CONSTANT_CONVERSION = YES;
				CLANG_WARN_DEPRECATED_OBJC_IMPLEMENTATIONS = YES;
				CLANG_WARN_DIRECT_OBJC_ISA_USAGE = YES_ERROR;
				CLANG_WARN_DOCUMENTATION_COMMENTS = YES;
				CLANG_WARN_EMPTY_BODY = YES;
				CLANG_WARN_ENUM_CONVERSION = YES;
				CLANG_WARN_INFINITE_RECURSION = YES;
				CLANG_WARN_INT_CONVERSION = YES;
				CLANG_WARN_NON_LITERAL_NULL_CONVERSION = YES;
				CLANG_WARN_OBJC_IMPLICIT_RETAIN_SELF = YES;
				CLANG_WARN_OBJC_LITERAL_CONVERSION = YES;
				CLANG_WARN_OBJC_ROOT_CLASS = YES_ERROR;
				CLANG_WARN_QUOTED_INCLUDE_IN_FRAMEWORK_HEADER = YES;
				CLANG_WARN_RANGE_LOOP_ANALYSIS = YES;
				CLANG_WARN_STRICT_PROTOTYPES = YES;
				CLANG_WARN_SUSPICIOUS_MOVE = YES;
				CLANG_WARN_UNGUARDED_AVAILABILITY = YES_AGGRESSIVE;
				CLANG_WARN_UNREACHABLE_CODE = YES;
				CLANG_WARN__DUPLICATE_METHOD_MATCH = YES;
				COPY_PHASE_STRIP = NO;
				DEBUG_INFORMATION_FORMAT = "dwarf-with-dsym";
				ENABLE_NS_ASSERTIONS = NO;
				ENABLE_STRICT_OBJC_MSGSEND = YES;
				GCC_C_LANGUAGE_STANDARD = gnu11;
				GCC_NO_COMMON_BLOCKS = YES;
				GCC_WARN_64_TO_32_BIT_CONVERSION = YES;
				GCC_WARN_ABOUT_RETURN_TYPE = YES_ERROR;
				GCC_WARN_UNDECLARED_SELECTOR = YES;
				GCC_WARN_UNINITIALIZED_AUTOS = YES_AGGRESSIVE;
				GCC_WARN_UNUSED_FUNCTION = YES;
				GCC_WARN_UNUSED_VARIABLE = YES;
				IPHONEOS_DEPLOYMENT_TARGET = 16.2;
				MTL_ENABLE_DEBUG_INFO = NO;
				MTL_FAST_MATH = YES;
				SDKROOT = iphoneos;
				SWIFT_COMPILATION_MODE = wholemodule;
				SWIFT_OPTIMIZATION_LEVEL = "-O";
				VALIDATE_PRODUCT = YES;
			};
			name = Release;
		};
		341E42112AC99C6200681B63 /* Debug */ = {
			isa = XCBuildConfiguration;
			buildSettings = {
				ASSETCATALOG_COMPILER_APPICON_NAME = AppIcon;
				ASSETCATALOG_COMPILER_GLOBAL_ACCENT_COLOR_NAME = AccentColor;
				CODE_SIGN_STYLE = Automatic;
				CURRENT_PROJECT_VERSION = 1;
				DEVELOPMENT_TEAM = 6478Y3WC5Q;
				GENERATE_INFOPLIST_FILE = YES;
				INFOPLIST_FILE = "GTA Jukebox/Info.plist";
				INFOPLIST_KEY_UIApplicationSupportsIndirectInputEvents = YES;
				INFOPLIST_KEY_UILaunchStoryboardName = LaunchScreen;
				INFOPLIST_KEY_UIMainStoryboardFile = Main;
				INFOPLIST_KEY_UISupportedInterfaceOrientations = UIInterfaceOrientationPortrait;
				INFOPLIST_KEY_UISupportedInterfaceOrientations_iPad = "UIInterfaceOrientationLandscapeLeft UIInterfaceOrientationLandscapeRight UIInterfaceOrientationPortrait UIInterfaceOrientationPortraitUpsideDown";
				LD_RUNPATH_SEARCH_PATHS = (
					"$(inherited)",
					"@executable_path/Frameworks",
				);
				MARKETING_VERSION = 1.0;
				PRODUCT_BUNDLE_IDENTIFIER = "com.matthewlock.GTA-Jukebox";
				PRODUCT_NAME = "$(TARGET_NAME)";
				SWIFT_EMIT_LOC_STRINGS = YES;
				SWIFT_VERSION = 5.0;
				TARGETED_DEVICE_FAMILY = "1,2";
			};
			name = Debug;
		};
		341E42122AC99C6200681B63 /* Release */ = {
			isa = XCBuildConfiguration;
			buildSettings = {
				ASSETCATALOG_COMPILER_APPICON_NAME = AppIcon;
				ASSETCATALOG_COMPILER_GLOBAL_ACCENT_COLOR_NAME = AccentColor;
				CODE_SIGN_STYLE = Automatic;
				CURRENT_PROJECT_VERSION = 1;
				DEVELOPMENT_TEAM = 6478Y3WC5Q;
				GENERATE_INFOPLIST_FILE = YES;
				INFOPLIST_FILE = "GTA Jukebox/Info.plist";
				INFOPLIST_KEY_UIApplicationSupportsIndirectInputEvents = YES;
				INFOPLIST_KEY_UILaunchStoryboardName = LaunchScreen;
				INFOPLIST_KEY_UIMainStoryboardFile = Main;
				INFOPLIST_KEY_UISupportedInterfaceOrientations = UIInterfaceOrientationPortrait;
				INFOPLIST_KEY_UISupportedInterfaceOrientations_iPad = "UIInterfaceOrientationLandscapeLeft UIInterfaceOrientationLandscapeRight UIInterfaceOrientationPortrait UIInterfaceOrientationPortraitUpsideDown";
				LD_RUNPATH_SEARCH_PATHS = (
					"$(inherited)",
					"@executable_path/Frameworks",
				);
				MARKETING_VERSION = 1.0;
				PRODUCT_BUNDLE_IDENTIFIER = "com.matthewlock.GTA-Jukebox";
				PRODUCT_NAME = "$(TARGET_NAME)";
				SWIFT_EMIT_LOC_STRINGS = YES;
				SWIFT_VERSION = 5.0;
				TARGETED_DEVICE_FAMILY = "1,2";
			};
			name = Release;
		};
		341E42142AC99C6200681B63 /* Debug */ = {
			isa = XCBuildConfiguration;
			buildSettings = {
				ALWAYS_EMBED_SWIFT_STANDARD_LIBRARIES = YES;
				BUNDLE_LOADER = "$(TEST_HOST)";
				CODE_SIGN_STYLE = Automatic;
				CURRENT_PROJECT_VERSION = 1;
				DEVELOPMENT_TEAM = 6478Y3WC5Q;
				GENERATE_INFOPLIST_FILE = YES;
				IPHONEOS_DEPLOYMENT_TARGET = 16.2;
				MARKETING_VERSION = 1.0;
				PRODUCT_BUNDLE_IDENTIFIER = "com.matthewlock.GTA-JukeboxTests";
				PRODUCT_NAME = "$(TARGET_NAME)";
				SWIFT_EMIT_LOC_STRINGS = NO;
				SWIFT_VERSION = 5.0;
				TARGETED_DEVICE_FAMILY = "1,2";
				TEST_HOST = "$(BUILT_PRODUCTS_DIR)/GTA Jukebox.app/$(BUNDLE_EXECUTABLE_FOLDER_PATH)/GTA Jukebox";
			};
			name = Debug;
		};
		341E42152AC99C6200681B63 /* Release */ = {
			isa = XCBuildConfiguration;
			buildSettings = {
				ALWAYS_EMBED_SWIFT_STANDARD_LIBRARIES = YES;
				BUNDLE_LOADER = "$(TEST_HOST)";
				CODE_SIGN_STYLE = Automatic;
				CURRENT_PROJECT_VERSION = 1;
				DEVELOPMENT_TEAM = 6478Y3WC5Q;
				GENERATE_INFOPLIST_FILE = YES;
				IPHONEOS_DEPLOYMENT_TARGET = 16.2;
				MARKETING_VERSION = 1.0;
				PRODUCT_BUNDLE_IDENTIFIER = "com.matthewlock.GTA-JukeboxTests";
				PRODUCT_NAME = "$(TARGET_NAME)";
				SWIFT_EMIT_LOC_STRINGS = NO;
				SWIFT_VERSION = 5.0;
				TARGETED_DEVICE_FAMILY = "1,2";
				TEST_HOST = "$(BUILT_PRODUCTS_DIR)/GTA Jukebox.app/$(BUNDLE_EXECUTABLE_FOLDER_PATH)/GTA Jukebox";
			};
			name = Release;
		};
		341E42172AC99C6200681B63 /* Debug */ = {
			isa = XCBuildConfiguration;
			buildSettings = {
				ALWAYS_EMBED_SWIFT_STANDARD_LIBRARIES = YES;
				CODE_SIGN_STYLE = Automatic;
				CURRENT_PROJECT_VERSION = 1;
				DEVELOPMENT_TEAM = 6478Y3WC5Q;
				GENERATE_INFOPLIST_FILE = YES;
				MARKETING_VERSION = 1.0;
				PRODUCT_BUNDLE_IDENTIFIER = "com.matthewlock.GTA-JukeboxUITests";
				PRODUCT_NAME = "$(TARGET_NAME)";
				SWIFT_EMIT_LOC_STRINGS = NO;
				SWIFT_VERSION = 5.0;
				TARGETED_DEVICE_FAMILY = "1,2";
				TEST_TARGET_NAME = "GTA Jukebox";
			};
			name = Debug;
		};
		341E42182AC99C6200681B63 /* Release */ = {
			isa = XCBuildConfiguration;
			buildSettings = {
				ALWAYS_EMBED_SWIFT_STANDARD_LIBRARIES = YES;
				CODE_SIGN_STYLE = Automatic;
				CURRENT_PROJECT_VERSION = 1;
				DEVELOPMENT_TEAM = 6478Y3WC5Q;
				GENERATE_INFOPLIST_FILE = YES;
				MARKETING_VERSION = 1.0;
				PRODUCT_BUNDLE_IDENTIFIER = "com.matthewlock.GTA-JukeboxUITests";
				PRODUCT_NAME = "$(TARGET_NAME)";
				SWIFT_EMIT_LOC_STRINGS = NO;
				SWIFT_VERSION = 5.0;
				TARGETED_DEVICE_FAMILY = "1,2";
				TEST_TARGET_NAME = "GTA Jukebox";
			};
			name = Release;
		};
/* End XCBuildConfiguration section */

/* Begin XCConfigurationList section */
		341E41E12AC99C5E00681B63 /* Build configuration list for PBXProject "GTA Jukebox" */ = {
			isa = XCConfigurationList;
			buildConfigurations = (
				341E420E2AC99C6200681B63 /* Debug */,
				341E420F2AC99C6200681B63 /* Release */,
			);
			defaultConfigurationIsVisible = 0;
			defaultConfigurationName = Release;
		};
		341E42102AC99C6200681B63 /* Build configuration list for PBXNativeTarget "GTA Jukebox" */ = {
			isa = XCConfigurationList;
			buildConfigurations = (
				341E42112AC99C6200681B63 /* Debug */,
				341E42122AC99C6200681B63 /* Release */,
			);
			defaultConfigurationIsVisible = 0;
			defaultConfigurationName = Release;
		};
		341E42132AC99C6200681B63 /* Build configuration list for PBXNativeTarget "GTA JukeboxTests" */ = {
			isa = XCConfigurationList;
			buildConfigurations = (
				341E42142AC99C6200681B63 /* Debug */,
				341E42152AC99C6200681B63 /* Release */,
			);
			defaultConfigurationIsVisible = 0;
			defaultConfigurationName = Release;
		};
		341E42162AC99C6200681B63 /* Build configuration list for PBXNativeTarget "GTA JukeboxUITests" */ = {
			isa = XCConfigurationList;
			buildConfigurations = (
				341E42172AC99C6200681B63 /* Debug */,
				341E42182AC99C6200681B63 /* Release */,
			);
			defaultConfigurationIsVisible = 0;
			defaultConfigurationName = Release;
		};
/* End XCConfigurationList section */
	};
	rootObject = 341E41DE2AC99C5E00681B63 /* Project object */;
}
